
Microsoft Visual Studio Solution File, Format Version 12.00
# Visual Studio Version 16
VisualStudioVersion = 16.0.29409.12
MinimumVisualStudioVersion = 10.0.40219.1
Project("{FAE04EC0-301F-11D3-BF4B-00C04F79EFBC}") = "ExcelDNAAutofac", "ExcelDNAAutofac\ExcelDNAAutofac.csproj", "{943FCE76-5803-43CF-A958-388DCF4EE823}"
EndProject
Project("{FAE04EC0-301F-11D3-BF4B-00C04F79EFBC}") = "CalculatorTests", "CalculatorTests\CalculatorTests.csproj", "{24B4F540-47EE-4CBB-97A1-822464BA90EF}"
EndProject
Project("{FAE04EC0-301F-11D3-BF4B-00C04F79EFBC}") = "Calculators", "Calculators\Calculators.csproj", "{6530C361-ADE3-412D-A5BD-C533D0BBE045}"
EndProject
Global
	GlobalSection(SolutionConfigurationPlatforms) = preSolution
		Debug|Any CPU = Debug|Any CPU
		Release|Any CPU = Release|Any CPU
	EndGlobalSection
	GlobalSection(ProjectConfigurationPlatforms) = postSolution
		{943FCE76-5803-43CF-A958-388DCF4EE823}.Debug|Any CPU.ActiveCfg = Debug|Any CPU
		{943FCE76-5803-43CF-A958-388DCF4EE823}.Debug|Any CPU.Build.0 = Debug|Any CPU
		{943FCE76-5803-43CF-A958-388DCF4EE823}.Release|Any CPU.ActiveCfg = Release|Any CPU
		{943FCE76-5803-43CF-A958-388DCF4EE823}.Release|Any CPU.Build.0 = Release|Any CPU
		{24B4F540-47EE-4CBB-97A1-822464BA90EF}.Debug|Any CPU.ActiveCfg = Debug|Any CPU
		{24B4F540-47EE-4CBB-97A1-822464BA90EF}.Debug|Any CPU.Build.0 = Debug|Any CPU
		{24B4F540-47EE-4CBB-97A1-822464BA90EF}.Release|Any CPU.ActiveCfg = Release|Any CPU
		{24B4F540-47EE-4CBB-97A1-822464BA90EF}.Release|Any CPU.Build.0 = Release|Any CPU
		{6530C361-ADE3-412D-A5BD-C533D0BBE045}.Debug|Any CPU.ActiveCfg = Debug|Any CPU
		{6530C361-ADE3-412D-A5BD-C533D0BBE045}.Debug|Any CPU.Build.0 = Debug|Any CPU
		{6530C361-ADE3-412D-A5BD-C533D0BBE045}.Release|Any CPU.ActiveCfg = Release|Any CPU
		{6530C361-ADE3-412D-A5BD-C533D0BBE045}.Release|Any CPU.Build.0 = Release|Any CPU
	EndGlobalSection
	GlobalSection(SolutionProperties) = preSolution
		HideSolutionNode = FALSE
	EndGlobalSection
	GlobalSection(ExtensibilityGlobals) = postSolution
		SolutionGuid = {64040501-C93C-4E6E-B2C2-F5FE48C43B73}
	EndGlobalSection
EndGlobal
